
Microsoft Visual Studio Solution File, Format Version 12.00
# Visual Studio Version 17
VisualStudioVersion = 17.9.34728.123
MinimumVisualStudioVersion = 10.0.40219.1
Project("{FAE04EC0-301F-11D3-BF4B-00C04F79EFBC}") = "BookyWeb", "BookyWeb\BookyWeb.csproj", "{012D666F-005D-4915-85FC-EA87227A2108}"
EndProject
Global
	GlobalSection(SolutionConfigurationPlatforms) = preSolution
		Debug|Any CPU = Debug|Any CPU
		Release|Any CPU = Release|Any CPU
	EndGlobalSection
	GlobalSection(ProjectConfigurationPlatforms) = postSolution
		{012D666F-005D-4915-85FC-EA87227A2108}.Debug|Any CPU.ActiveCfg = Debug|Any CPU
		{012D666F-005D-4915-85FC-EA87227A2108}.Debug|Any CPU.Build.0 = Debug|Any CPU
		{012D666F-005D-4915-85FC-EA87227A2108}.Release|Any CPU.ActiveCfg = Release|Any CPU
		{012D666F-005D-4915-85FC-EA87227A2108}.Release|Any CPU.Build.0 = Release|Any CPU
	EndGlobalSection
	GlobalSection(SolutionProperties) = preSolution
		HideSolutionNode = FALSE
	EndGlobalSection
	GlobalSection(ExtensibilityGlobals) = postSolution
		SolutionGuid = {2389D4AD-41EB-477F-AA9A-C2290443FFB1}
	EndGlobalSection
EndGlobal
